
Microsoft Visual Studio Solution File, Format Version 12.00
# Visual Studio Version 17
VisualStudioVersion = 17.3.32819.101
MinimumVisualStudioVersion = 10.0.40219.1
Project("{FAE04EC0-301F-11D3-BF4B-00C04F79EFBC}") = "Lab4", "Lab4.csproj", "{8E70ED46-6593-4D42-A6F1-06712021CACF}"
EndProject
Global
	GlobalSection(SolutionConfigurationPlatforms) = preSolution
		Debug|Any CPU = Debug|Any CPU
		Release|Any CPU = Release|Any CPU
	EndGlobalSection
	GlobalSection(ProjectConfigurationPlatforms) = postSolution
		{8E70ED46-6593-4D42-A6F1-06712021CACF}.Debug|Any CPU.ActiveCfg = Debug|Any CPU
		{8E70ED46-6593-4D42-A6F1-06712021CACF}.Debug|Any CPU.Build.0 = Debug|Any CPU
		{8E70ED46-6593-4D42-A6F1-06712021CACF}.Release|Any CPU.ActiveCfg = Release|Any CPU
		{8E70ED46-6593-4D42-A6F1-06712021CACF}.Release|Any CPU.Build.0 = Release|Any CPU
	EndGlobalSection
	GlobalSection(SolutionProperties) = preSolution
		HideSolutionNode = FALSE
	EndGlobalSection
	GlobalSection(ExtensibilityGlobals) = postSolution
		SolutionGuid = {64773FB2-6FF4-4514-97EE-E7D627C8DBFE}
	EndGlobalSection
EndGlobal
